
Microsoft Visual Studio Solution File, Format Version 12.00
# Visual Studio Version 16
VisualStudioVersion = 16.0.30503.244
MinimumVisualStudioVersion = 10.0.40219.1
Project("{8BC9CEB8-8B4A-11D0-8D11-00A0C91BC942}") = "repository1.1 W.5", "repository1.1 W.5\repository1.1 W.5.vcxproj", "{11D51EF0-66ED-4BAE-8DEE-83BB8A7EAF3C}"
EndProject
Global
	GlobalSection(SolutionConfigurationPlatforms) = preSolution
		Debug|x64 = Debug|x64
		Debug|x86 = Debug|x86
		Release|x64 = Release|x64
		Release|x86 = Release|x86
	EndGlobalSection
	GlobalSection(ProjectConfigurationPlatforms) = postSolution
		{11D51EF0-66ED-4BAE-8DEE-83BB8A7EAF3C}.Debug|x64.ActiveCfg = Debug|x64
		{11D51EF0-66ED-4BAE-8DEE-83BB8A7EAF3C}.Debug|x64.Build.0 = Debug|x64
		{11D51EF0-66ED-4BAE-8DEE-83BB8A7EAF3C}.Debug|x86.ActiveCfg = Debug|Win32
		{11D51EF0-66ED-4BAE-8DEE-83BB8A7EAF3C}.Debug|x86.Build.0 = Debug|Win32
		{11D51EF0-66ED-4BAE-8DEE-83BB8A7EAF3C}.Release|x64.ActiveCfg = Release|x64
		{11D51EF0-66ED-4BAE-8DEE-83BB8A7EAF3C}.Release|x64.Build.0 = Release|x64
		{11D51EF0-66ED-4BAE-8DEE-83BB8A7EAF3C}.Release|x86.ActiveCfg = Release|Win32
		{11D51EF0-66ED-4BAE-8DEE-83BB8A7EAF3C}.Release|x86.Build.0 = Release|Win32
	EndGlobalSection
	GlobalSection(SolutionProperties) = preSolution
		HideSolutionNode = FALSE
	EndGlobalSection
	GlobalSection(ExtensibilityGlobals) = postSolution
		SolutionGuid = {04687C61-6EDA-40DD-BA4E-C98FEF5DB814}
	EndGlobalSection
EndGlobal
